
Microsoft Visual Studio Solution File, Format Version 12.00
# Visual Studio 15
VisualStudioVersion = 15.0.28307.329
MinimumVisualStudioVersion = 10.0.40219.1
Project("{FAE04EC0-301F-11D3-BF4B-00C04F79EFBC}") = "Ex011", "Ex011\Ex011.csproj", "{9CCDB67F-0E62-4AFC-88FE-F1EBF8DA6BAB}"
EndProject
Global
	GlobalSection(SolutionConfigurationPlatforms) = preSolution
		Debug|Any CPU = Debug|Any CPU
		Release|Any CPU = Release|Any CPU
	EndGlobalSection
	GlobalSection(ProjectConfigurationPlatforms) = postSolution
		{9CCDB67F-0E62-4AFC-88FE-F1EBF8DA6BAB}.Debug|Any CPU.ActiveCfg = Debug|Any CPU
		{9CCDB67F-0E62-4AFC-88FE-F1EBF8DA6BAB}.Debug|Any CPU.Build.0 = Debug|Any CPU
		{9CCDB67F-0E62-4AFC-88FE-F1EBF8DA6BAB}.Release|Any CPU.ActiveCfg = Release|Any CPU
		{9CCDB67F-0E62-4AFC-88FE-F1EBF8DA6BAB}.Release|Any CPU.Build.0 = Release|Any CPU
	EndGlobalSection
	GlobalSection(SolutionProperties) = preSolution
		HideSolutionNode = FALSE
	EndGlobalSection
	GlobalSection(ExtensibilityGlobals) = postSolution
		SolutionGuid = {C8A0414C-502B-4762-85A2-371BC5F01F3F}
	EndGlobalSection
EndGlobal
